// !$*UTF8*$!
{
	archiveVersion = 1;
	classes = {
	};
	objectVersion = 56;
	objects = {

/* Begin PBXBuildFile section */
		357B7832C8701F84D521BCD4 /* Pods_ChallengeMobileAppTests.framework in Frameworks */ = {isa = PBXBuildFile; fileRef = 31CAA4E861D6B0C30FC4FD09 /* Pods_ChallengeMobileAppTests.framework */; };
		AE2CF3312AF4872B0095C63B /* Optional+Unwrap.swift in Sources */ = {isa = PBXBuildFile; fileRef = AE2CF3302AF4872B0095C63B /* Optional+Unwrap.swift */; };
		AE4CD60E2AF4A562001246BF /* NeuzeitSLTStdBook.otf in Resources */ = {isa = PBXBuildFile; fileRef = AE4CD60D2AF4A562001246BF /* NeuzeitSLTStdBook.otf */; };
		AE4CD6102AF4A5C2001246BF /* NeuzeitSLTStdBookHeavy.otf in Resources */ = {isa = PBXBuildFile; fileRef = AE4CD60F2AF4A5BC001246BF /* NeuzeitSLTStdBookHeavy.otf */; };
		AE4CD6192AF4ACEE001246BF /* Localizable.strings in Resources */ = {isa = PBXBuildFile; fileRef = AE4CD61B2AF4ACEE001246BF /* Localizable.strings */; };
		AE50D5F12AF81BBA005E09B1 /* HomeContentView.swift in Sources */ = {isa = PBXBuildFile; fileRef = AE50D5F02AF81BBA005E09B1 /* HomeContentView.swift */; };
		AE50D5F32AF833EC005E09B1 /* SurveyRepositoryImpl.swift in Sources */ = {isa = PBXBuildFile; fileRef = AE50D5F22AF833EC005E09B1 /* SurveyRepositoryImpl.swift */; };
		AE50D5F52AF83414005E09B1 /* SurveyApi.swift in Sources */ = {isa = PBXBuildFile; fileRef = AE50D5F42AF83414005E09B1 /* SurveyApi.swift */; };
		AE50D5F72AF83429005E09B1 /* SurveyListResponse.swift in Sources */ = {isa = PBXBuildFile; fileRef = AE50D5F62AF83429005E09B1 /* SurveyListResponse.swift */; };
		AE50D5F92AF834CA005E09B1 /* SurveyRepository.swift in Sources */ = {isa = PBXBuildFile; fileRef = AE50D5F82AF834CA005E09B1 /* SurveyRepository.swift */; };
		AE50D5FB2AF8353E005E09B1 /* SurveyItemList.swift in Sources */ = {isa = PBXBuildFile; fileRef = AE50D5FA2AF8353E005E09B1 /* SurveyItemList.swift */; };
		AE50D5FE2AF83C18005E09B1 /* GetSurveysUseCase.swift in Sources */ = {isa = PBXBuildFile; fileRef = AE50D5FD2AF83C18005E09B1 /* GetSurveysUseCase.swift */; };
		AE50D6002AF8410F005E09B1 /* RedactedAndShimmerViewModifier.swift in Sources */ = {isa = PBXBuildFile; fileRef = AE50D5FF2AF8410F005E09B1 /* RedactedAndShimmerViewModifier.swift */; };
		AE50D6022AF84456005E09B1 /* Shimmer.swift in Sources */ = {isa = PBXBuildFile; fileRef = AE50D6012AF84456005E09B1 /* Shimmer.swift */; };
		AE50D6062AF84D4E005E09B1 /* View+IsHidden.swift in Sources */ = {isa = PBXBuildFile; fileRef = AE50D6052AF84D4E005E09B1 /* View+IsHidden.swift */; };
		AE50D6092AF865E7005E09B1 /* ForgotPasswordView.swift in Sources */ = {isa = PBXBuildFile; fileRef = AE50D6082AF865E7005E09B1 /* ForgotPasswordView.swift */; };
		AE5592922AF558BE005C4515 /* LoginResponse.swift in Sources */ = {isa = PBXBuildFile; fileRef = AE5592912AF558BE005C4515 /* LoginResponse.swift */; };
		AE5592952AF55917005C4515 /* LoginRequest.swift in Sources */ = {isa = PBXBuildFile; fileRef = AE5592942AF55917005C4515 /* LoginRequest.swift */; };
		AE5592992AF55AC7005C4515 /* AccessToken.swift in Sources */ = {isa = PBXBuildFile; fileRef = AE5592982AF55AC7005C4515 /* AccessToken.swift */; };
		AE60678D2AF6E73E009BF21F /* RepositoryAssambly.swift in Sources */ = {isa = PBXBuildFile; fileRef = AE60678C2AF6E73D009BF21F /* RepositoryAssambly.swift */; };
		AE9080F22AF48C64008EABC4 /* AuthRepositoryImpl.swift in Sources */ = {isa = PBXBuildFile; fileRef = AE9080F12AF48C64008EABC4 /* AuthRepositoryImpl.swift */; };
		AE9080F92AF49118008EABC4 /* L10n.swift in Sources */ = {isa = PBXBuildFile; fileRef = AE9080F82AF49118008EABC4 /* L10n.swift */; };
		AE98691B2AF6BABE00C79CD3 /* LogoutRequest.swift in Sources */ = {isa = PBXBuildFile; fileRef = AE98691A2AF6BABE00C79CD3 /* LogoutRequest.swift */; };
		AE98691D2AF6BC7B00C79CD3 /* LogoutUseCase.swift in Sources */ = {isa = PBXBuildFile; fileRef = AE98691C2AF6BC7B00C79CD3 /* LogoutUseCase.swift */; };
		AE98691F2AF6BEC100C79CD3 /* LogoutResponse.swift in Sources */ = {isa = PBXBuildFile; fileRef = AE98691E2AF6BEC100C79CD3 /* LogoutResponse.swift */; };
		AE9869212AF6C36200C79CD3 /* UserRepositoryImpl.swift in Sources */ = {isa = PBXBuildFile; fileRef = AE9869202AF6C36200C79CD3 /* UserRepositoryImpl.swift */; };
		AE9869232AF6C3B400C79CD3 /* UserApi.swift in Sources */ = {isa = PBXBuildFile; fileRef = AE9869222AF6C3B400C79CD3 /* UserApi.swift */; };
		AE9869252AF6C51300C79CD3 /* UserRepository.swift in Sources */ = {isa = PBXBuildFile; fileRef = AE9869242AF6C51300C79CD3 /* UserRepository.swift */; };
		AE9869282AF6C57600C79CD3 /* GetProfileUseCase.swift in Sources */ = {isa = PBXBuildFile; fileRef = AE9869272AF6C57600C79CD3 /* GetProfileUseCase.swift */; };
		AE98692A2AF6C65C00C79CD3 /* GetUserResponse.swift in Sources */ = {isa = PBXBuildFile; fileRef = AE9869292AF6C65C00C79CD3 /* GetUserResponse.swift */; };
		AE98692C2AF6C6D200C79CD3 /* UserProfile.swift in Sources */ = {isa = PBXBuildFile; fileRef = AE98692B2AF6C6D200C79CD3 /* UserProfile.swift */; };
		AE98692E2AF6D9C100C79CD3 /* SideNav.swift in Sources */ = {isa = PBXBuildFile; fileRef = AE98692D2AF6D9C100C79CD3 /* SideNav.swift */; };
		AEAFFDF82AF4D25600E7B5D0 /* Assets.swift in Sources */ = {isa = PBXBuildFile; fileRef = AEAFFDF72AF4D25600E7B5D0 /* Assets.swift */; };
		AEAFFDFA2AF4E9D400E7B5D0 /* Fonts.swift in Sources */ = {isa = PBXBuildFile; fileRef = AEAFFDF92AF4E9D400E7B5D0 /* Fonts.swift */; };
		AEAFFDFC2AF4EEE500E7B5D0 /* VisualEffectBlur.swift in Sources */ = {isa = PBXBuildFile; fileRef = AEAFFDFB2AF4EEE500E7B5D0 /* VisualEffectBlur.swift */; };
		AEAFFDFE2AF4EF3900E7B5D0 /* CustomTextField.swift in Sources */ = {isa = PBXBuildFile; fileRef = AEAFFDFD2AF4EF3900E7B5D0 /* CustomTextField.swift */; };
		AEBE12552AF86D3700BB549D /* SurveyView.swift in Sources */ = {isa = PBXBuildFile; fileRef = AEBE12542AF86D3700BB549D /* SurveyView.swift */; };
		AEBE12572AF8729A00BB549D /* SurveyStorage.swift in Sources */ = {isa = PBXBuildFile; fileRef = AEBE12562AF8729A00BB549D /* SurveyStorage.swift */; };
		AEBE125A2AF8942600BB549D /* BackgroundView.swift in Sources */ = {isa = PBXBuildFile; fileRef = AEBE12592AF8942600BB549D /* BackgroundView.swift */; };
		AEBE125C2AF8A5E100BB549D /* View+SwipeGesture.swift in Sources */ = {isa = PBXBuildFile; fileRef = AEBE125B2AF8A5E100BB549D /* View+SwipeGesture.swift */; };
		AEC5992A2AF47F720099DDE9 /* Injector.swift in Sources */ = {isa = PBXBuildFile; fileRef = AEC599292AF47F720099DDE9 /* Injector.swift */; };
		AEC5992C2AF47FA80099DDE9 /* ServiceAssembly.swift in Sources */ = {isa = PBXBuildFile; fileRef = AEC5992B2AF47FA80099DDE9 /* ServiceAssembly.swift */; };
		AEC5992E2AF47FDE0099DDE9 /* K.swift in Sources */ = {isa = PBXBuildFile; fileRef = AEC5992D2AF47FDE0099DDE9 /* K.swift */; };
		AEC599322AF480860099DDE9 /* HomeView.swift in Sources */ = {isa = PBXBuildFile; fileRef = AEC599312AF480860099DDE9 /* HomeView.swift */; };
		AEC599342AF480970099DDE9 /* LoginViewModel.swift in Sources */ = {isa = PBXBuildFile; fileRef = AEC599332AF480970099DDE9 /* LoginViewModel.swift */; };
		AEC599362AF4812D0099DDE9 /* HomeViewModel.swift in Sources */ = {isa = PBXBuildFile; fileRef = AEC599352AF4812D0099DDE9 /* HomeViewModel.swift */; };
		AEC599382AF483E20099DDE9 /* AuthApi.swift in Sources */ = {isa = PBXBuildFile; fileRef = AEC599372AF483E20099DDE9 /* AuthApi.swift */; };
		AEE2BB182AF6042C00C29D4D /* RefreshTokenUseCase.swift in Sources */ = {isa = PBXBuildFile; fileRef = AEE2BB172AF6042C00C29D4D /* RefreshTokenUseCase.swift */; };
		AEE2BB1A2AF606E100C29D4D /* RefreshTokenRequest.swift in Sources */ = {isa = PBXBuildFile; fileRef = AEE2BB192AF606E100C29D4D /* RefreshTokenRequest.swift */; };
		AEE2BB1C2AF6079700C29D4D /* RefreshTokenResponse.swift in Sources */ = {isa = PBXBuildFile; fileRef = AEE2BB1B2AF6079700C29D4D /* RefreshTokenResponse.swift */; };
		AEE2BB1E2AF6086700C29D4D /* String+DataEncoded.swift in Sources */ = {isa = PBXBuildFile; fileRef = AEE2BB1D2AF6086700C29D4D /* String+DataEncoded.swift */; };
		AEE2BB202AF6389900C29D4D /* Date+ToString.swift in Sources */ = {isa = PBXBuildFile; fileRef = AEE2BB1F2AF6389900C29D4D /* Date+ToString.swift */; };
		AEE2BB222AF638C400C29D4D /* String+ToDate.swift in Sources */ = {isa = PBXBuildFile; fileRef = AEE2BB212AF638C400C29D4D /* String+ToDate.swift */; };
		AEE8C0D32AF57D6E0093964C /* NetworkErrors.swift in Sources */ = {isa = PBXBuildFile; fileRef = AEE8C0D22AF57D6E0093964C /* NetworkErrors.swift */; };
		AEE8C0D52AF57D860093964C /* NetworkRequestError.swift in Sources */ = {isa = PBXBuildFile; fileRef = AEE8C0D42AF57D860093964C /* NetworkRequestError.swift */; };
		AEE8C0D92AF57F1C0093964C /* LoginUseCase.swift in Sources */ = {isa = PBXBuildFile; fileRef = AEE8C0D82AF57F1C0093964C /* LoginUseCase.swift */; };
		AEE8C0DD2AF583880093964C /* Storage.swift in Sources */ = {isa = PBXBuildFile; fileRef = AEE8C0DC2AF583880093964C /* Storage.swift */; };
		AEE8C0E22AF5855D0093964C /* AuthRepository.swift in Sources */ = {isa = PBXBuildFile; fileRef = AEE8C0E12AF5855D0093964C /* AuthRepository.swift */; };
		AEE8C0E52AF58C650093964C /* AppCoordinator.swift in Sources */ = {isa = PBXBuildFile; fileRef = AEE8C0E42AF58C650093964C /* AppCoordinator.swift */; };
		AEE8C0E72AF58D380093964C /* AppCoordinatorViewModel.swift in Sources */ = {isa = PBXBuildFile; fileRef = AEE8C0E62AF58D380093964C /* AppCoordinatorViewModel.swift */; };
		AEE8C0E92AF590CE0093964C /* UseCaseAssembly.swift in Sources */ = {isa = PBXBuildFile; fileRef = AEE8C0E82AF590CE0093964C /* UseCaseAssembly.swift */; };
		AEE8C0EB2AF5AF520093964C /* IsUserLoggedUseCase.swift in Sources */ = {isa = PBXBuildFile; fileRef = AEE8C0EA2AF5AF520093964C /* IsUserLoggedUseCase.swift */; };
		AEE8C0EE2AF5B34E0093964C /* Screen.swift in Sources */ = {isa = PBXBuildFile; fileRef = AEE8C0ED2AF5B34E0093964C /* Screen.swift */; };
		AEE8C0F02AF5B7AC0093964C /* AuthAPIServiceTests.swift in Sources */ = {isa = PBXBuildFile; fileRef = AEE8C0EF2AF5B7AC0093964C /* AuthAPIServiceTests.swift */; };
		AEF700392AF45611003BDFCB /* ChallengeMobileApp.swift in Sources */ = {isa = PBXBuildFile; fileRef = AEF700382AF45611003BDFCB /* ChallengeMobileApp.swift */; };
		AEF7003B2AF45611003BDFCB /* LoginView.swift in Sources */ = {isa = PBXBuildFile; fileRef = AEF7003A2AF45611003BDFCB /* LoginView.swift */; };
		AEF7003D2AF45614003BDFCB /* Assets.xcassets in Resources */ = {isa = PBXBuildFile; fileRef = AEF7003C2AF45614003BDFCB /* Assets.xcassets */; };
		AEF700402AF45614003BDFCB /* Preview Assets.xcassets in Resources */ = {isa = PBXBuildFile; fileRef = AEF7003F2AF45614003BDFCB /* Preview Assets.xcassets */; };
		E936CDE091AEE9AAD71AAB06 /* Pods_ChallengeMobileApp.framework in Frameworks */ = {isa = PBXBuildFile; fileRef = 7DECD180C692692A35B65F30 /* Pods_ChallengeMobileApp.framework */; };
/* End PBXBuildFile section */

/* Begin PBXContainerItemProxy section */
		AEF700462AF45615003BDFCB /* PBXContainerItemProxy */ = {
			isa = PBXContainerItemProxy;
			containerPortal = AEF7002D2AF45611003BDFCB /* Project object */;
			proxyType = 1;
			remoteGlobalIDString = AEF700342AF45611003BDFCB;
			remoteInfo = ChallengeMobileApp;
		};
		AEF700502AF45615003BDFCB /* PBXContainerItemProxy */ = {
			isa = PBXContainerItemProxy;
			containerPortal = AEF7002D2AF45611003BDFCB /* Project object */;
			proxyType = 1;
			remoteGlobalIDString = AEF700342AF45611003BDFCB;
			remoteInfo = ChallengeMobileApp;
		};
/* End PBXContainerItemProxy section */

/* Begin PBXFileReference section */
		31CAA4E861D6B0C30FC4FD09 /* Pods_ChallengeMobileAppTests.framework */ = {isa = PBXFileReference; explicitFileType = wrapper.framework; includeInIndex = 0; path = Pods_ChallengeMobileAppTests.framework; sourceTree = BUILT_PRODUCTS_DIR; };
		3D1F9E27D264813A4CBE44B6 /* Pods-ChallengeMobileApp.debug.xcconfig */ = {isa = PBXFileReference; includeInIndex = 1; lastKnownFileType = text.xcconfig; name = "Pods-ChallengeMobileApp.debug.xcconfig"; path = "Target Support Files/Pods-ChallengeMobileApp/Pods-ChallengeMobileApp.debug.xcconfig"; sourceTree = "<group>"; };
		4D72FB1B762C28ED2B06CAF5 /* Pods-ChallengeMobileAppTests.release.xcconfig */ = {isa = PBXFileReference; includeInIndex = 1; lastKnownFileType = text.xcconfig; name = "Pods-ChallengeMobileAppTests.release.xcconfig"; path = "Target Support Files/Pods-ChallengeMobileAppTests/Pods-ChallengeMobileAppTests.release.xcconfig"; sourceTree = "<group>"; };
		6C128424013A735BC596BD25 /* Pods-ChallengeMobileAppTests.debug.xcconfig */ = {isa = PBXFileReference; includeInIndex = 1; lastKnownFileType = text.xcconfig; name = "Pods-ChallengeMobileAppTests.debug.xcconfig"; path = "Target Support Files/Pods-ChallengeMobileAppTests/Pods-ChallengeMobileAppTests.debug.xcconfig"; sourceTree = "<group>"; };
		7DECD180C692692A35B65F30 /* Pods_ChallengeMobileApp.framework */ = {isa = PBXFileReference; explicitFileType = wrapper.framework; includeInIndex = 0; path = Pods_ChallengeMobileApp.framework; sourceTree = BUILT_PRODUCTS_DIR; };
		AE2CF3302AF4872B0095C63B /* Optional+Unwrap.swift */ = {isa = PBXFileReference; lastKnownFileType = sourcecode.swift; path = "Optional+Unwrap.swift"; sourceTree = "<group>"; };
		AE4CD60D2AF4A562001246BF /* NeuzeitSLTStdBook.otf */ = {isa = PBXFileReference; lastKnownFileType = file; path = NeuzeitSLTStdBook.otf; sourceTree = "<group>"; };
		AE4CD60F2AF4A5BC001246BF /* NeuzeitSLTStdBookHeavy.otf */ = {isa = PBXFileReference; lastKnownFileType = file; path = NeuzeitSLTStdBookHeavy.otf; sourceTree = "<group>"; };
		AE4CD6112AF4A7CA001246BF /* Info.plist */ = {isa = PBXFileReference; lastKnownFileType = text.plist; path = Info.plist; sourceTree = "<group>"; };
		AE4CD61A2AF4ACEE001246BF /* en */ = {isa = PBXFileReference; lastKnownFileType = text.plist.strings; name = en; path = en.lproj/Localizable.strings; sourceTree = "<group>"; };
		AE50D5F02AF81BBA005E09B1 /* HomeContentView.swift */ = {isa = PBXFileReference; lastKnownFileType = sourcecode.swift; path = HomeContentView.swift; sourceTree = "<group>"; };
		AE50D5F22AF833EC005E09B1 /* SurveyRepositoryImpl.swift */ = {isa = PBXFileReference; lastKnownFileType = sourcecode.swift; path = SurveyRepositoryImpl.swift; sourceTree = "<group>"; };
		AE50D5F42AF83414005E09B1 /* SurveyApi.swift */ = {isa = PBXFileReference; lastKnownFileType = sourcecode.swift; path = SurveyApi.swift; sourceTree = "<group>"; };
		AE50D5F62AF83429005E09B1 /* SurveyListResponse.swift */ = {isa = PBXFileReference; lastKnownFileType = sourcecode.swift; path = SurveyListResponse.swift; sourceTree = "<group>"; };
		AE50D5F82AF834CA005E09B1 /* SurveyRepository.swift */ = {isa = PBXFileReference; lastKnownFileType = sourcecode.swift; path = SurveyRepository.swift; sourceTree = "<group>"; };
		AE50D5FA2AF8353E005E09B1 /* SurveyItemList.swift */ = {isa = PBXFileReference; lastKnownFileType = sourcecode.swift; path = SurveyItemList.swift; sourceTree = "<group>"; };
		AE50D5FD2AF83C18005E09B1 /* GetSurveysUseCase.swift */ = {isa = PBXFileReference; lastKnownFileType = sourcecode.swift; path = GetSurveysUseCase.swift; sourceTree = "<group>"; };
		AE50D5FF2AF8410F005E09B1 /* RedactedAndShimmerViewModifier.swift */ = {isa = PBXFileReference; lastKnownFileType = sourcecode.swift; path = RedactedAndShimmerViewModifier.swift; sourceTree = "<group>"; };
		AE50D6012AF84456005E09B1 /* Shimmer.swift */ = {isa = PBXFileReference; lastKnownFileType = sourcecode.swift; path = Shimmer.swift; sourceTree = "<group>"; };
		AE50D6052AF84D4E005E09B1 /* View+IsHidden.swift */ = {isa = PBXFileReference; lastKnownFileType = sourcecode.swift; path = "View+IsHidden.swift"; sourceTree = "<group>"; };
		AE50D6082AF865E7005E09B1 /* ForgotPasswordView.swift */ = {isa = PBXFileReference; lastKnownFileType = sourcecode.swift; path = ForgotPasswordView.swift; sourceTree = "<group>"; };
		AE5592912AF558BE005C4515 /* LoginResponse.swift */ = {isa = PBXFileReference; lastKnownFileType = sourcecode.swift; path = LoginResponse.swift; sourceTree = "<group>"; };
		AE5592942AF55917005C4515 /* LoginRequest.swift */ = {isa = PBXFileReference; lastKnownFileType = sourcecode.swift; path = LoginRequest.swift; sourceTree = "<group>"; };
		AE5592982AF55AC7005C4515 /* AccessToken.swift */ = {isa = PBXFileReference; lastKnownFileType = sourcecode.swift; path = AccessToken.swift; sourceTree = "<group>"; };
		AE60678C2AF6E73D009BF21F /* RepositoryAssambly.swift */ = {isa = PBXFileReference; lastKnownFileType = sourcecode.swift; path = RepositoryAssambly.swift; sourceTree = "<group>"; };
		AE9080F12AF48C64008EABC4 /* AuthRepositoryImpl.swift */ = {isa = PBXFileReference; lastKnownFileType = sourcecode.swift; path = AuthRepositoryImpl.swift; sourceTree = "<group>"; };
		AE9080F82AF49118008EABC4 /* L10n.swift */ = {isa = PBXFileReference; lastKnownFileType = sourcecode.swift; path = L10n.swift; sourceTree = "<group>"; };
		AE98691A2AF6BABE00C79CD3 /* LogoutRequest.swift */ = {isa = PBXFileReference; lastKnownFileType = sourcecode.swift; path = LogoutRequest.swift; sourceTree = "<group>"; };
		AE98691C2AF6BC7B00C79CD3 /* LogoutUseCase.swift */ = {isa = PBXFileReference; lastKnownFileType = sourcecode.swift; path = LogoutUseCase.swift; sourceTree = "<group>"; };
		AE98691E2AF6BEC100C79CD3 /* LogoutResponse.swift */ = {isa = PBXFileReference; lastKnownFileType = sourcecode.swift; path = LogoutResponse.swift; sourceTree = "<group>"; };
		AE9869202AF6C36200C79CD3 /* UserRepositoryImpl.swift */ = {isa = PBXFileReference; lastKnownFileType = sourcecode.swift; path = UserRepositoryImpl.swift; sourceTree = "<group>"; };
		AE9869222AF6C3B400C79CD3 /* UserApi.swift */ = {isa = PBXFileReference; lastKnownFileType = sourcecode.swift; path = UserApi.swift; sourceTree = "<group>"; };
		AE9869242AF6C51300C79CD3 /* UserRepository.swift */ = {isa = PBXFileReference; lastKnownFileType = sourcecode.swift; path = UserRepository.swift; sourceTree = "<group>"; };
		AE9869272AF6C57600C79CD3 /* GetProfileUseCase.swift */ = {isa = PBXFileReference; lastKnownFileType = sourcecode.swift; path = GetProfileUseCase.swift; sourceTree = "<group>"; };
		AE9869292AF6C65C00C79CD3 /* GetUserResponse.swift */ = {isa = PBXFileReference; lastKnownFileType = sourcecode.swift; path = GetUserResponse.swift; sourceTree = "<group>"; };
		AE98692B2AF6C6D200C79CD3 /* UserProfile.swift */ = {isa = PBXFileReference; lastKnownFileType = sourcecode.swift; path = UserProfile.swift; sourceTree = "<group>"; };
		AE98692D2AF6D9C100C79CD3 /* SideNav.swift */ = {isa = PBXFileReference; lastKnownFileType = sourcecode.swift; path = SideNav.swift; sourceTree = "<group>"; };
		AEAFFDF72AF4D25600E7B5D0 /* Assets.swift */ = {isa = PBXFileReference; lastKnownFileType = sourcecode.swift; path = Assets.swift; sourceTree = "<group>"; };
		AEAFFDF92AF4E9D400E7B5D0 /* Fonts.swift */ = {isa = PBXFileReference; lastKnownFileType = sourcecode.swift; path = Fonts.swift; sourceTree = "<group>"; };
		AEAFFDFB2AF4EEE500E7B5D0 /* VisualEffectBlur.swift */ = {isa = PBXFileReference; lastKnownFileType = sourcecode.swift; path = VisualEffectBlur.swift; sourceTree = "<group>"; };
		AEAFFDFD2AF4EF3900E7B5D0 /* CustomTextField.swift */ = {isa = PBXFileReference; lastKnownFileType = sourcecode.swift; path = CustomTextField.swift; sourceTree = "<group>"; };
		AEBE12542AF86D3700BB549D /* SurveyView.swift */ = {isa = PBXFileReference; lastKnownFileType = sourcecode.swift; path = SurveyView.swift; sourceTree = "<group>"; };
		AEBE12562AF8729A00BB549D /* SurveyStorage.swift */ = {isa = PBXFileReference; lastKnownFileType = sourcecode.swift; path = SurveyStorage.swift; sourceTree = "<group>"; };
		AEBE12592AF8942600BB549D /* BackgroundView.swift */ = {isa = PBXFileReference; lastKnownFileType = sourcecode.swift; path = BackgroundView.swift; sourceTree = "<group>"; };
		AEBE125B2AF8A5E100BB549D /* View+SwipeGesture.swift */ = {isa = PBXFileReference; lastKnownFileType = sourcecode.swift; path = "View+SwipeGesture.swift"; sourceTree = "<group>"; };
		AEC599292AF47F720099DDE9 /* Injector.swift */ = {isa = PBXFileReference; lastKnownFileType = sourcecode.swift; path = Injector.swift; sourceTree = "<group>"; };
		AEC5992B2AF47FA80099DDE9 /* ServiceAssembly.swift */ = {isa = PBXFileReference; lastKnownFileType = sourcecode.swift; path = ServiceAssembly.swift; sourceTree = "<group>"; };
		AEC5992D2AF47FDE0099DDE9 /* K.swift */ = {isa = PBXFileReference; lastKnownFileType = sourcecode.swift; path = K.swift; sourceTree = "<group>"; };
		AEC599312AF480860099DDE9 /* HomeView.swift */ = {isa = PBXFileReference; lastKnownFileType = sourcecode.swift; path = HomeView.swift; sourceTree = "<group>"; };
		AEC599332AF480970099DDE9 /* LoginViewModel.swift */ = {isa = PBXFileReference; lastKnownFileType = sourcecode.swift; path = LoginViewModel.swift; sourceTree = "<group>"; };
		AEC599352AF4812D0099DDE9 /* HomeViewModel.swift */ = {isa = PBXFileReference; lastKnownFileType = sourcecode.swift; path = HomeViewModel.swift; sourceTree = "<group>"; };
		AEC599372AF483E20099DDE9 /* AuthApi.swift */ = {isa = PBXFileReference; lastKnownFileType = sourcecode.swift; path = AuthApi.swift; sourceTree = "<group>"; };
		AEE2BB172AF6042C00C29D4D /* RefreshTokenUseCase.swift */ = {isa = PBXFileReference; lastKnownFileType = sourcecode.swift; path = RefreshTokenUseCase.swift; sourceTree = "<group>"; };
		AEE2BB192AF606E100C29D4D /* RefreshTokenRequest.swift */ = {isa = PBXFileReference; lastKnownFileType = sourcecode.swift; path = RefreshTokenRequest.swift; sourceTree = "<group>"; };
		AEE2BB1B2AF6079700C29D4D /* RefreshTokenResponse.swift */ = {isa = PBXFileReference; lastKnownFileType = sourcecode.swift; path = RefreshTokenResponse.swift; sourceTree = "<group>"; };
		AEE2BB1D2AF6086700C29D4D /* String+DataEncoded.swift */ = {isa = PBXFileReference; lastKnownFileType = sourcecode.swift; path = "String+DataEncoded.swift"; sourceTree = "<group>"; };
		AEE2BB1F2AF6389900C29D4D /* Date+ToString.swift */ = {isa = PBXFileReference; lastKnownFileType = sourcecode.swift; path = "Date+ToString.swift"; sourceTree = "<group>"; };
		AEE2BB212AF638C400C29D4D /* String+ToDate.swift */ = {isa = PBXFileReference; lastKnownFileType = sourcecode.swift; path = "String+ToDate.swift"; sourceTree = "<group>"; };
		AEE8C0D22AF57D6E0093964C /* NetworkErrors.swift */ = {isa = PBXFileReference; lastKnownFileType = sourcecode.swift; path = NetworkErrors.swift; sourceTree = "<group>"; };
		AEE8C0D42AF57D860093964C /* NetworkRequestError.swift */ = {isa = PBXFileReference; lastKnownFileType = sourcecode.swift; path = NetworkRequestError.swift; sourceTree = "<group>"; };
		AEE8C0D82AF57F1C0093964C /* LoginUseCase.swift */ = {isa = PBXFileReference; lastKnownFileType = sourcecode.swift; path = LoginUseCase.swift; sourceTree = "<group>"; };
		AEE8C0DC2AF583880093964C /* Storage.swift */ = {isa = PBXFileReference; lastKnownFileType = sourcecode.swift; path = Storage.swift; sourceTree = "<group>"; };
		AEE8C0E12AF5855D0093964C /* AuthRepository.swift */ = {isa = PBXFileReference; lastKnownFileType = sourcecode.swift; path = AuthRepository.swift; sourceTree = "<group>"; };
		AEE8C0E42AF58C650093964C /* AppCoordinator.swift */ = {isa = PBXFileReference; lastKnownFileType = sourcecode.swift; path = AppCoordinator.swift; sourceTree = "<group>"; };
		AEE8C0E62AF58D380093964C /* AppCoordinatorViewModel.swift */ = {isa = PBXFileReference; lastKnownFileType = sourcecode.swift; path = AppCoordinatorViewModel.swift; sourceTree = "<group>"; };
		AEE8C0E82AF590CE0093964C /* UseCaseAssembly.swift */ = {isa = PBXFileReference; lastKnownFileType = sourcecode.swift; path = UseCaseAssembly.swift; sourceTree = "<group>"; };
		AEE8C0EA2AF5AF520093964C /* IsUserLoggedUseCase.swift */ = {isa = PBXFileReference; lastKnownFileType = sourcecode.swift; path = IsUserLoggedUseCase.swift; sourceTree = "<group>"; };
		AEE8C0ED2AF5B34E0093964C /* Screen.swift */ = {isa = PBXFileReference; lastKnownFileType = sourcecode.swift; path = Screen.swift; sourceTree = "<group>"; };
		AEE8C0EF2AF5B7AC0093964C /* AuthAPIServiceTests.swift */ = {isa = PBXFileReference; lastKnownFileType = sourcecode.swift; path = AuthAPIServiceTests.swift; sourceTree = "<group>"; };
		AEF700352AF45611003BDFCB /* ChallengeMobileApp.app */ = {isa = PBXFileReference; explicitFileType = wrapper.application; includeInIndex = 0; path = ChallengeMobileApp.app; sourceTree = BUILT_PRODUCTS_DIR; };
		AEF700382AF45611003BDFCB /* ChallengeMobileApp.swift */ = {isa = PBXFileReference; lastKnownFileType = sourcecode.swift; path = ChallengeMobileApp.swift; sourceTree = "<group>"; };
		AEF7003A2AF45611003BDFCB /* LoginView.swift */ = {isa = PBXFileReference; lastKnownFileType = sourcecode.swift; path = LoginView.swift; sourceTree = "<group>"; };
		AEF7003C2AF45614003BDFCB /* Assets.xcassets */ = {isa = PBXFileReference; lastKnownFileType = folder.assetcatalog; path = Assets.xcassets; sourceTree = "<group>"; };
		AEF7003F2AF45614003BDFCB /* Preview Assets.xcassets */ = {isa = PBXFileReference; lastKnownFileType = folder.assetcatalog; path = "Preview Assets.xcassets"; sourceTree = "<group>"; };
		AEF700452AF45615003BDFCB /* ChallengeMobileAppTests.xctest */ = {isa = PBXFileReference; explicitFileType = wrapper.cfbundle; includeInIndex = 0; path = ChallengeMobileAppTests.xctest; sourceTree = BUILT_PRODUCTS_DIR; };
		AEF7004F2AF45615003BDFCB /* ChallengeMobileAppUITests.xctest */ = {isa = PBXFileReference; explicitFileType = wrapper.cfbundle; includeInIndex = 0; path = ChallengeMobileAppUITests.xctest; sourceTree = BUILT_PRODUCTS_DIR; };
		FA1A45ADF7EF899C65D0F2D5 /* Pods-ChallengeMobileApp.release.xcconfig */ = {isa = PBXFileReference; includeInIndex = 1; lastKnownFileType = text.xcconfig; name = "Pods-ChallengeMobileApp.release.xcconfig"; path = "Target Support Files/Pods-ChallengeMobileApp/Pods-ChallengeMobileApp.release.xcconfig"; sourceTree = "<group>"; };
/* End PBXFileReference section */

/* Begin PBXFrameworksBuildPhase section */
		AEF700322AF45611003BDFCB /* Frameworks */ = {
			isa = PBXFrameworksBuildPhase;
			buildActionMask = 2147483647;
			files = (
				E936CDE091AEE9AAD71AAB06 /* Pods_ChallengeMobileApp.framework in Frameworks */,
			);
			runOnlyForDeploymentPostprocessing = 0;
		};
		AEF700422AF45615003BDFCB /* Frameworks */ = {
			isa = PBXFrameworksBuildPhase;
			buildActionMask = 2147483647;
			files = (
				357B7832C8701F84D521BCD4 /* Pods_ChallengeMobileAppTests.framework in Frameworks */,
			);
			runOnlyForDeploymentPostprocessing = 0;
		};
		AEF7004C2AF45615003BDFCB /* Frameworks */ = {
			isa = PBXFrameworksBuildPhase;
			buildActionMask = 2147483647;
			files = (
			);
			runOnlyForDeploymentPostprocessing = 0;
		};
/* End PBXFrameworksBuildPhase section */

/* Begin PBXGroup section */
		0415EE32FE23E74B22F29E29 /* Pods */ = {
			isa = PBXGroup;
			children = (
				3D1F9E27D264813A4CBE44B6 /* Pods-ChallengeMobileApp.debug.xcconfig */,
				FA1A45ADF7EF899C65D0F2D5 /* Pods-ChallengeMobileApp.release.xcconfig */,
				6C128424013A735BC596BD25 /* Pods-ChallengeMobileAppTests.debug.xcconfig */,
				4D72FB1B762C28ED2B06CAF5 /* Pods-ChallengeMobileAppTests.release.xcconfig */,
			);
			path = Pods;
			sourceTree = "<group>";
		};
		78891BD1C98A93C8952E4F71 /* Frameworks */ = {
			isa = PBXGroup;
			children = (
				7DECD180C692692A35B65F30 /* Pods_ChallengeMobileApp.framework */,
				31CAA4E861D6B0C30FC4FD09 /* Pods_ChallengeMobileAppTests.framework */,
			);
			name = Frameworks;
			sourceTree = "<group>";
		};
		AE4CD60C2AF4A52D001246BF /* NeuzeitSLTStd */ = {
			isa = PBXGroup;
			children = (
				AE4CD60D2AF4A562001246BF /* NeuzeitSLTStdBook.otf */,
				AE4CD60F2AF4A5BC001246BF /* NeuzeitSLTStdBookHeavy.otf */,
			);
			path = NeuzeitSLTStd;
			sourceTree = "<group>";
		};
		AE50D5FC2AF83BFF005E09B1 /* Survey */ = {
			isa = PBXGroup;
			children = (
				AE50D5FD2AF83C18005E09B1 /* GetSurveysUseCase.swift */,
			);
			path = Survey;
			sourceTree = "<group>";
		};
		AE50D6072AF86591005E09B1 /* ForgotPassword */ = {
			isa = PBXGroup;
			children = (
				AE50D6082AF865E7005E09B1 /* ForgotPasswordView.swift */,
			);
			path = ForgotPassword;
			sourceTree = "<group>";
		};
		AE5592902AF5589F005C4515 /* Response */ = {
			isa = PBXGroup;
			children = (
				AE5592912AF558BE005C4515 /* LoginResponse.swift */,
				AEE2BB1B2AF6079700C29D4D /* RefreshTokenResponse.swift */,
				AE98691E2AF6BEC100C79CD3 /* LogoutResponse.swift */,
				AE9869292AF6C65C00C79CD3 /* GetUserResponse.swift */,
				AE50D5F62AF83429005E09B1 /* SurveyListResponse.swift */,
			);
			path = Response;
			sourceTree = "<group>";
		};
		AE5592932AF558FC005C4515 /* Request */ = {
			isa = PBXGroup;
			children = (
				AE5592942AF55917005C4515 /* LoginRequest.swift */,
				AEE2BB192AF606E100C29D4D /* RefreshTokenRequest.swift */,
				AE98691A2AF6BABE00C79CD3 /* LogoutRequest.swift */,
			);
			path = Request;
			sourceTree = "<group>";
		};
		AE5592962AF559C6005C4515 /* Domain */ = {
			isa = PBXGroup;
			children = (
				AEE8C0DE2AF5852F0093964C /* Repository */,
				AEE8C0D62AF57EF50093964C /* UseCase */,
				AE5592972AF559CE005C4515 /* Entities */,
			);
			path = Domain;
			sourceTree = "<group>";
		};
		AE5592972AF559CE005C4515 /* Entities */ = {
			isa = PBXGroup;
			children = (
				AE5592982AF55AC7005C4515 /* AccessToken.swift */,
				AE98692B2AF6C6D200C79CD3 /* UserProfile.swift */,
				AE50D5FA2AF8353E005E09B1 /* SurveyItemList.swift */,
			);
			path = Entities;
			sourceTree = "<group>";
		};
		AE9080F32AF48F7C008EABC4 /* SupportingFiles */ = {
			isa = PBXGroup;
			children = (
				AEF7003C2AF45614003BDFCB /* Assets.xcassets */,
				AE9080F52AF48FBA008EABC4 /* Fonts */,
				AE9080F42AF48F97008EABC4 /* Resources */,
				AE4CD61B2AF4ACEE001246BF /* Localizable.strings */,
				AE9080F82AF49118008EABC4 /* L10n.swift */,
			);
			path = SupportingFiles;
			sourceTree = "<group>";
		};
		AE9080F42AF48F97008EABC4 /* Resources */ = {
			isa = PBXGroup;
			children = (
				AEAFFDF72AF4D25600E7B5D0 /* Assets.swift */,
				AEAFFDF92AF4E9D400E7B5D0 /* Fonts.swift */,
			);
			path = Resources;
			sourceTree = "<group>";
		};
		AE9080F52AF48FBA008EABC4 /* Fonts */ = {
			isa = PBXGroup;
			children = (
				AE4CD60C2AF4A52D001246BF /* NeuzeitSLTStd */,
			);
			path = Fonts;
			sourceTree = "<group>";
		};
		AE9869262AF6C55200C79CD3 /* User */ = {
			isa = PBXGroup;
			children = (
				AE9869272AF6C57600C79CD3 /* GetProfileUseCase.swift */,
			);
			path = User;
			sourceTree = "<group>";
		};
		AEBE12532AF86D2600BB549D /* Survey */ = {
			isa = PBXGroup;
			children = (
				AEBE12542AF86D3700BB549D /* SurveyView.swift */,
			);
			path = Survey;
			sourceTree = "<group>";
		};
		AEBE12582AF8729F00BB549D /* Storage */ = {
			isa = PBXGroup;
			children = (
				AEE8C0DC2AF583880093964C /* Storage.swift */,
				AEBE12562AF8729A00BB549D /* SurveyStorage.swift */,
			);
			path = Storage;
			sourceTree = "<group>";
		};
		AEC5991E2AF47E070099DDE9 /* App */ = {
			isa = PBXGroup;
			children = (
				AEBE12582AF8729F00BB549D /* Storage */,
				AEE8C0EC2AF5B3300093964C /* Coordinator */,
				AEF700382AF45611003BDFCB /* ChallengeMobileApp.swift */,
				AEC599282AF47F530099DDE9 /* Utilities */,
				AEC599272AF47F4C0099DDE9 /* Extensions */,
			);
			path = App;
			sourceTree = "<group>";
		};
		AEC5991F2AF47E150099DDE9 /* Dependencies */ = {
			isa = PBXGroup;
			children = (
				AEC599292AF47F720099DDE9 /* Injector.swift */,
				AEC5992B2AF47FA80099DDE9 /* ServiceAssembly.swift */,
				AEE8C0E82AF590CE0093964C /* UseCaseAssembly.swift */,
				AE60678C2AF6E73D009BF21F /* RepositoryAssambly.swift */,
			);
			path = Dependencies;
			sourceTree = "<group>";
		};
		AEC599212AF47E420099DDE9 /* Service */ = {
			isa = PBXGroup;
			children = (
				AEC599372AF483E20099DDE9 /* AuthApi.swift */,
				AE9869222AF6C3B400C79CD3 /* UserApi.swift */,
				AE50D5F42AF83414005E09B1 /* SurveyApi.swift */,
			);
			path = Service;
			sourceTree = "<group>";
		};
		AEC599242AF47ED70099DDE9 /* Presentation */ = {
			isa = PBXGroup;
			children = (
				AEC599262AF47EF50099DDE9 /* Features */,
				AEC599252AF47EE30099DDE9 /* Components */,
			);
			path = Presentation;
			sourceTree = "<group>";
		};
		AEC599252AF47EE30099DDE9 /* Components */ = {
			isa = PBXGroup;
			children = (
				AEAFFDFB2AF4EEE500E7B5D0 /* VisualEffectBlur.swift */,
				AEAFFDFD2AF4EF3900E7B5D0 /* CustomTextField.swift */,
				AE98692D2AF6D9C100C79CD3 /* SideNav.swift */,
				AE50D5FF2AF8410F005E09B1 /* RedactedAndShimmerViewModifier.swift */,
				AE50D6012AF84456005E09B1 /* Shimmer.swift */,
				AEBE12592AF8942600BB549D /* BackgroundView.swift */,
			);
			path = Components;
			sourceTree = "<group>";
		};
		AEC599262AF47EF50099DDE9 /* Features */ = {
			isa = PBXGroup;
			children = (
				AE50D6072AF86591005E09B1 /* ForgotPassword */,
				AEBE12532AF86D2600BB549D /* Survey */,
				AEC599302AF480660099DDE9 /* Login */,
				AEC5992F2AF480600099DDE9 /* Home */,
			);
			path = Features;
			sourceTree = "<group>";
		};
		AEC599272AF47F4C0099DDE9 /* Extensions */ = {
			isa = PBXGroup;
			children = (
				AE2CF3302AF4872B0095C63B /* Optional+Unwrap.swift */,
				AEE2BB1D2AF6086700C29D4D /* String+DataEncoded.swift */,
				AEE2BB1F2AF6389900C29D4D /* Date+ToString.swift */,
				AEE2BB212AF638C400C29D4D /* String+ToDate.swift */,
				AE50D6052AF84D4E005E09B1 /* View+IsHidden.swift */,
				AEBE125B2AF8A5E100BB549D /* View+SwipeGesture.swift */,
			);
			path = Extensions;
			sourceTree = "<group>";
		};
		AEC599282AF47F530099DDE9 /* Utilities */ = {
			isa = PBXGroup;
			children = (
				AEC5992D2AF47FDE0099DDE9 /* K.swift */,
			);
			path = Utilities;
			sourceTree = "<group>";
		};
		AEC5992F2AF480600099DDE9 /* Home */ = {
			isa = PBXGroup;
			children = (
				AEC599312AF480860099DDE9 /* HomeView.swift */,
				AEC599352AF4812D0099DDE9 /* HomeViewModel.swift */,
				AE50D5F02AF81BBA005E09B1 /* HomeContentView.swift */,
			);
			path = Home;
			sourceTree = "<group>";
		};
		AEC599302AF480660099DDE9 /* Login */ = {
			isa = PBXGroup;
			children = (
				AEF7003A2AF45611003BDFCB /* LoginView.swift */,
				AEC599332AF480970099DDE9 /* LoginViewModel.swift */,
			);
			path = Login;
			sourceTree = "<group>";
		};
		AEE8C0D12AF57D590093964C /* Error */ = {
			isa = PBXGroup;
			children = (
				AEE8C0D22AF57D6E0093964C /* NetworkErrors.swift */,
				AEE8C0D42AF57D860093964C /* NetworkRequestError.swift */,
			);
			path = Error;
			sourceTree = "<group>";
		};
		AEE8C0D62AF57EF50093964C /* UseCase */ = {
			isa = PBXGroup;
			children = (
				AE50D5FC2AF83BFF005E09B1 /* Survey */,
				AE9869262AF6C55200C79CD3 /* User */,
				AEE8C0D72AF57F0E0093964C /* Auth */,
			);
			path = UseCase;
			sourceTree = "<group>";
		};
		AEE8C0D72AF57F0E0093964C /* Auth */ = {
			isa = PBXGroup;
			children = (
				AEE8C0D82AF57F1C0093964C /* LoginUseCase.swift */,
				AEE8C0EA2AF5AF520093964C /* IsUserLoggedUseCase.swift */,
				AEE2BB172AF6042C00C29D4D /* RefreshTokenUseCase.swift */,
				AE98691C2AF6BC7B00C79CD3 /* LogoutUseCase.swift */,
			);
			path = Auth;
			sourceTree = "<group>";
		};
		AEE8C0DA2AF583020093964C /* Data */ = {
			isa = PBXGroup;
			children = (
				AEE8C0DB2AF583730093964C /* Network */,
			);
			path = Data;
			sourceTree = "<group>";
		};
		AEE8C0DB2AF583730093964C /* Network */ = {
			isa = PBXGroup;
			children = (
				AEE8C0E32AF585F40093964C /* Repository */,
				AEC599212AF47E420099DDE9 /* Service */,
				AE5592932AF558FC005C4515 /* Request */,
				AEE8C0D12AF57D590093964C /* Error */,
				AE5592902AF5589F005C4515 /* Response */,
			);
			path = Network;
			sourceTree = "<group>";
		};
		AEE8C0DE2AF5852F0093964C /* Repository */ = {
			isa = PBXGroup;
			children = (
				AEE8C0E12AF5855D0093964C /* AuthRepository.swift */,
				AE9869242AF6C51300C79CD3 /* UserRepository.swift */,
				AE50D5F82AF834CA005E09B1 /* SurveyRepository.swift */,
			);
			path = Repository;
			sourceTree = "<group>";
		};
		AEE8C0E32AF585F40093964C /* Repository */ = {
			isa = PBXGroup;
			children = (
				AE9080F12AF48C64008EABC4 /* AuthRepositoryImpl.swift */,
				AE9869202AF6C36200C79CD3 /* UserRepositoryImpl.swift */,
				AE50D5F22AF833EC005E09B1 /* SurveyRepositoryImpl.swift */,
			);
			path = Repository;
			sourceTree = "<group>";
		};
		AEE8C0EC2AF5B3300093964C /* Coordinator */ = {
			isa = PBXGroup;
			children = (
				AEE8C0E62AF58D380093964C /* AppCoordinatorViewModel.swift */,
				AEE8C0E42AF58C650093964C /* AppCoordinator.swift */,
				AEE8C0ED2AF5B34E0093964C /* Screen.swift */,
			);
			path = Coordinator;
			sourceTree = "<group>";
		};
		AEF7002C2AF45611003BDFCB = {
			isa = PBXGroup;
			children = (
				AEF700372AF45611003BDFCB /* ChallengeMobileApp */,
				AEF700482AF45615003BDFCB /* ChallengeMobileAppTests */,
				AEF700362AF45611003BDFCB /* Products */,
				0415EE32FE23E74B22F29E29 /* Pods */,
				78891BD1C98A93C8952E4F71 /* Frameworks */,
			);
			sourceTree = "<group>";
		};
		AEF700362AF45611003BDFCB /* Products */ = {
			isa = PBXGroup;
			children = (
				AEF700352AF45611003BDFCB /* ChallengeMobileApp.app */,
				AEF700452AF45615003BDFCB /* ChallengeMobileAppTests.xctest */,
				AEF7004F2AF45615003BDFCB /* ChallengeMobileAppUITests.xctest */,
			);
			name = Products;
			sourceTree = "<group>";
		};
		AEF700372AF45611003BDFCB /* ChallengeMobileApp */ = {
			isa = PBXGroup;
			children = (
				AEE8C0DA2AF583020093964C /* Data */,
				AE5592962AF559C6005C4515 /* Domain */,
				AE4CD6112AF4A7CA001246BF /* Info.plist */,
				AE9080F32AF48F7C008EABC4 /* SupportingFiles */,
				AEC599242AF47ED70099DDE9 /* Presentation */,
				AEC5991F2AF47E150099DDE9 /* Dependencies */,
				AEC5991E2AF47E070099DDE9 /* App */,
				AEF7003E2AF45614003BDFCB /* Preview Content */,
			);
			path = ChallengeMobileApp;
			sourceTree = "<group>";
		};
		AEF7003E2AF45614003BDFCB /* Preview Content */ = {
			isa = PBXGroup;
			children = (
				AEF7003F2AF45614003BDFCB /* Preview Assets.xcassets */,
			);
			path = "Preview Content";
			sourceTree = "<group>";
		};
		AEF700482AF45615003BDFCB /* ChallengeMobileAppTests */ = {
			isa = PBXGroup;
			children = (
				AEE8C0EF2AF5B7AC0093964C /* AuthAPIServiceTests.swift */,
			);
			path = ChallengeMobileAppTests;
			sourceTree = "<group>";
		};
/* End PBXGroup section */

/* Begin PBXNativeTarget section */
		AEF700342AF45611003BDFCB /* ChallengeMobileApp */ = {
			isa = PBXNativeTarget;
			buildConfigurationList = AEF700592AF45615003BDFCB /* Build configuration list for PBXNativeTarget "ChallengeMobileApp" */;
			buildPhases = (
				67CAD57F28E9E9080E028CD1 /* [CP] Check Pods Manifest.lock */,
				AEF700312AF45611003BDFCB /* Sources */,
				AEF700322AF45611003BDFCB /* Frameworks */,
				AEF700332AF45611003BDFCB /* Resources */,
				1887E8E83C63AC5A04CD6B66 /* [CP] Embed Pods Frameworks */,
			);
			buildRules = (
			);
			dependencies = (
			);
			name = ChallengeMobileApp;
			productName = ChallengeMobileApp;
			productReference = AEF700352AF45611003BDFCB /* ChallengeMobileApp.app */;
			productType = "com.apple.product-type.application";
		};
		AEF700442AF45615003BDFCB /* ChallengeMobileAppTests */ = {
			isa = PBXNativeTarget;
			buildConfigurationList = AEF7005C2AF45615003BDFCB /* Build configuration list for PBXNativeTarget "ChallengeMobileAppTests" */;
			buildPhases = (
				5AFF385CD97162094C80DE3D /* [CP] Check Pods Manifest.lock */,
				AEF700412AF45615003BDFCB /* Sources */,
				AEF700422AF45615003BDFCB /* Frameworks */,
				AEF700432AF45615003BDFCB /* Resources */,
				299F7395784B3BAE060567FE /* [CP] Embed Pods Frameworks */,
			);
			buildRules = (
			);
			dependencies = (
				AEF700472AF45615003BDFCB /* PBXTargetDependency */,
			);
			name = ChallengeMobileAppTests;
			productName = ChallengeMobileAppTests;
			productReference = AEF700452AF45615003BDFCB /* ChallengeMobileAppTests.xctest */;
			productType = "com.apple.product-type.bundle.unit-test";
		};
		AEF7004E2AF45615003BDFCB /* ChallengeMobileAppUITests */ = {
			isa = PBXNativeTarget;
			buildConfigurationList = AEF7005F2AF45616003BDFCB /* Build configuration list for PBXNativeTarget "ChallengeMobileAppUITests" */;
			buildPhases = (
				AEF7004B2AF45615003BDFCB /* Sources */,
				AEF7004C2AF45615003BDFCB /* Frameworks */,
				AEF7004D2AF45615003BDFCB /* Resources */,
			);
			buildRules = (
			);
			dependencies = (
				AEF700512AF45615003BDFCB /* PBXTargetDependency */,
			);
			name = ChallengeMobileAppUITests;
			productName = ChallengeMobileAppUITests;
			productReference = AEF7004F2AF45615003BDFCB /* ChallengeMobileAppUITests.xctest */;
			productType = "com.apple.product-type.bundle.ui-testing";
		};
/* End PBXNativeTarget section */

/* Begin PBXProject section */
		AEF7002D2AF45611003BDFCB /* Project object */ = {
			isa = PBXProject;
			attributes = {
				BuildIndependentTargetsInParallel = 1;
				LastSwiftUpdateCheck = 1410;
				LastUpgradeCheck = 1410;
				TargetAttributes = {
					AEF700342AF45611003BDFCB = {
						CreatedOnToolsVersion = 14.1;
					};
					AEF700442AF45615003BDFCB = {
						CreatedOnToolsVersion = 14.1;
						TestTargetID = AEF700342AF45611003BDFCB;
					};
					AEF7004E2AF45615003BDFCB = {
						CreatedOnToolsVersion = 14.1;
						TestTargetID = AEF700342AF45611003BDFCB;
					};
				};
			};
			buildConfigurationList = AEF700302AF45611003BDFCB /* Build configuration list for PBXProject "ChallengeMobileApp" */;
			compatibilityVersion = "Xcode 14.0";
			developmentRegion = en;
			hasScannedForEncodings = 0;
			knownRegions = (
				en,
				Base,
			);
			mainGroup = AEF7002C2AF45611003BDFCB;
			productRefGroup = AEF700362AF45611003BDFCB /* Products */;
			projectDirPath = "";
			projectRoot = "";
			targets = (
				AEF700342AF45611003BDFCB /* ChallengeMobileApp */,
				AEF700442AF45615003BDFCB /* ChallengeMobileAppTests */,
				AEF7004E2AF45615003BDFCB /* ChallengeMobileAppUITests */,
			);
		};
/* End PBXProject section */

/* Begin PBXResourcesBuildPhase section */
		AEF700332AF45611003BDFCB /* Resources */ = {
			isa = PBXResourcesBuildPhase;
			buildActionMask = 2147483647;
			files = (
				AEF700402AF45614003BDFCB /* Preview Assets.xcassets in Resources */,
				AE4CD6102AF4A5C2001246BF /* NeuzeitSLTStdBookHeavy.otf in Resources */,
				AE4CD60E2AF4A562001246BF /* NeuzeitSLTStdBook.otf in Resources */,
				AE4CD6192AF4ACEE001246BF /* Localizable.strings in Resources */,
				AEF7003D2AF45614003BDFCB /* Assets.xcassets in Resources */,
			);
			runOnlyForDeploymentPostprocessing = 0;
		};
		AEF700432AF45615003BDFCB /* Resources */ = {
			isa = PBXResourcesBuildPhase;
			buildActionMask = 2147483647;
			files = (
			);
			runOnlyForDeploymentPostprocessing = 0;
		};
		AEF7004D2AF45615003BDFCB /* Resources */ = {
			isa = PBXResourcesBuildPhase;
			buildActionMask = 2147483647;
			files = (
			);
			runOnlyForDeploymentPostprocessing = 0;
		};
/* End PBXResourcesBuildPhase section */

/* Begin PBXShellScriptBuildPhase section */
		1887E8E83C63AC5A04CD6B66 /* [CP] Embed Pods Frameworks */ = {
			isa = PBXShellScriptBuildPhase;
			buildActionMask = 2147483647;
			files = (
			);
			inputFileListPaths = (
				"${PODS_ROOT}/Target Support Files/Pods-ChallengeMobileApp/Pods-ChallengeMobileApp-frameworks-${CONFIGURATION}-input-files.xcfilelist",
			);
			name = "[CP] Embed Pods Frameworks";
			outputFileListPaths = (
				"${PODS_ROOT}/Target Support Files/Pods-ChallengeMobileApp/Pods-ChallengeMobileApp-frameworks-${CONFIGURATION}-output-files.xcfilelist",
			);
			runOnlyForDeploymentPostprocessing = 0;
			shellPath = /bin/sh;
			shellScript = "\"${PODS_ROOT}/Target Support Files/Pods-ChallengeMobileApp/Pods-ChallengeMobileApp-frameworks.sh\"\n";
			showEnvVarsInLog = 0;
		};
		299F7395784B3BAE060567FE /* [CP] Embed Pods Frameworks */ = {
			isa = PBXShellScriptBuildPhase;
			buildActionMask = 2147483647;
			files = (
			);
			inputFileListPaths = (
				"${PODS_ROOT}/Target Support Files/Pods-ChallengeMobileAppTests/Pods-ChallengeMobileAppTests-frameworks-${CONFIGURATION}-input-files.xcfilelist",
			);
			name = "[CP] Embed Pods Frameworks";
			outputFileListPaths = (
				"${PODS_ROOT}/Target Support Files/Pods-ChallengeMobileAppTests/Pods-ChallengeMobileAppTests-frameworks-${CONFIGURATION}-output-files.xcfilelist",
			);
			runOnlyForDeploymentPostprocessing = 0;
			shellPath = /bin/sh;
			shellScript = "\"${PODS_ROOT}/Target Support Files/Pods-ChallengeMobileAppTests/Pods-ChallengeMobileAppTests-frameworks.sh\"\n";
			showEnvVarsInLog = 0;
		};
		5AFF385CD97162094C80DE3D /* [CP] Check Pods Manifest.lock */ = {
			isa = PBXShellScriptBuildPhase;
			buildActionMask = 2147483647;
			files = (
			);
			inputFileListPaths = (
			);
			inputPaths = (
				"${PODS_PODFILE_DIR_PATH}/Podfile.lock",
				"${PODS_ROOT}/Manifest.lock",
			);
			name = "[CP] Check Pods Manifest.lock";
			outputFileListPaths = (
			);
			outputPaths = (
				"$(DERIVED_FILE_DIR)/Pods-ChallengeMobileAppTests-checkManifestLockResult.txt",
			);
			runOnlyForDeploymentPostprocessing = 0;
			shellPath = /bin/sh;
			shellScript = "diff \"${PODS_PODFILE_DIR_PATH}/Podfile.lock\" \"${PODS_ROOT}/Manifest.lock\" > /dev/null\nif [ $? != 0 ] ; then\n    # print error to STDERR\n    echo \"error: The sandbox is not in sync with the Podfile.lock. Run 'pod install' or update your CocoaPods installation.\" >&2\n    exit 1\nfi\n# This output is used by Xcode 'outputs' to avoid re-running this script phase.\necho \"SUCCESS\" > \"${SCRIPT_OUTPUT_FILE_0}\"\n";
			showEnvVarsInLog = 0;
		};
		67CAD57F28E9E9080E028CD1 /* [CP] Check Pods Manifest.lock */ = {
			isa = PBXShellScriptBuildPhase;
			buildActionMask = 2147483647;
			files = (
			);
			inputFileListPaths = (
			);
			inputPaths = (
				"${PODS_PODFILE_DIR_PATH}/Podfile.lock",
				"${PODS_ROOT}/Manifest.lock",
			);
			name = "[CP] Check Pods Manifest.lock";
			outputFileListPaths = (
			);
			outputPaths = (
				"$(DERIVED_FILE_DIR)/Pods-ChallengeMobileApp-checkManifestLockResult.txt",
			);
			runOnlyForDeploymentPostprocessing = 0;
			shellPath = /bin/sh;
			shellScript = "diff \"${PODS_PODFILE_DIR_PATH}/Podfile.lock\" \"${PODS_ROOT}/Manifest.lock\" > /dev/null\nif [ $? != 0 ] ; then\n    # print error to STDERR\n    echo \"error: The sandbox is not in sync with the Podfile.lock. Run 'pod install' or update your CocoaPods installation.\" >&2\n    exit 1\nfi\n# This output is used by Xcode 'outputs' to avoid re-running this script phase.\necho \"SUCCESS\" > \"${SCRIPT_OUTPUT_FILE_0}\"\n";
			showEnvVarsInLog = 0;
		};
/* End PBXShellScriptBuildPhase section */

/* Begin PBXSourcesBuildPhase section */
		AEF700312AF45611003BDFCB /* Sources */ = {
			isa = PBXSourcesBuildPhase;
			buildActionMask = 2147483647;
			files = (
				AE9869212AF6C36200C79CD3 /* UserRepositoryImpl.swift in Sources */,
				AE9869232AF6C3B400C79CD3 /* UserApi.swift in Sources */,
				AE98691F2AF6BEC100C79CD3 /* LogoutResponse.swift in Sources */,
				AEC599322AF480860099DDE9 /* HomeView.swift in Sources */,
				AE98691B2AF6BABE00C79CD3 /* LogoutRequest.swift in Sources */,
				AEAFFDFA2AF4E9D400E7B5D0 /* Fonts.swift in Sources */,
				AEE8C0E52AF58C650093964C /* AppCoordinator.swift in Sources */,
				AE5592952AF55917005C4515 /* LoginRequest.swift in Sources */,
				AEE8C0E22AF5855D0093964C /* AuthRepository.swift in Sources */,
				AE98692A2AF6C65C00C79CD3 /* GetUserResponse.swift in Sources */,
				AEE2BB182AF6042C00C29D4D /* RefreshTokenUseCase.swift in Sources */,
				AEE8C0D52AF57D860093964C /* NetworkRequestError.swift in Sources */,
				AEE8C0EB2AF5AF520093964C /* IsUserLoggedUseCase.swift in Sources */,
				AE50D5FB2AF8353E005E09B1 /* SurveyItemList.swift in Sources */,
				AE5592922AF558BE005C4515 /* LoginResponse.swift in Sources */,
				AEE8C0E92AF590CE0093964C /* UseCaseAssembly.swift in Sources */,
				AE9869282AF6C57600C79CD3 /* GetProfileUseCase.swift in Sources */,
				AE98692C2AF6C6D200C79CD3 /* UserProfile.swift in Sources */,
				AEE8C0DD2AF583880093964C /* Storage.swift in Sources */,
				AE50D5FE2AF83C18005E09B1 /* GetSurveysUseCase.swift in Sources */,
				AE50D6062AF84D4E005E09B1 /* View+IsHidden.swift in Sources */,
				AEF7003B2AF45611003BDFCB /* LoginView.swift in Sources */,
				AEE2BB1E2AF6086700C29D4D /* String+DataEncoded.swift in Sources */,
				AE9080F22AF48C64008EABC4 /* AuthRepositoryImpl.swift in Sources */,
				AE50D5F32AF833EC005E09B1 /* SurveyRepositoryImpl.swift in Sources */,
				AEBE12572AF8729A00BB549D /* SurveyStorage.swift in Sources */,
				AEC5992E2AF47FDE0099DDE9 /* K.swift in Sources */,
				AEE8C0EE2AF5B34E0093964C /* Screen.swift in Sources */,
				AEBE125C2AF8A5E100BB549D /* View+SwipeGesture.swift in Sources */,
				AEE8C0E72AF58D380093964C /* AppCoordinatorViewModel.swift in Sources */,
				AEC599382AF483E20099DDE9 /* AuthApi.swift in Sources */,
				AEBE125A2AF8942600BB549D /* BackgroundView.swift in Sources */,
				AE50D5F92AF834CA005E09B1 /* SurveyRepository.swift in Sources */,
				AEC599362AF4812D0099DDE9 /* HomeViewModel.swift in Sources */,
				AE98691D2AF6BC7B00C79CD3 /* LogoutUseCase.swift in Sources */,
				AEAFFDFC2AF4EEE500E7B5D0 /* VisualEffectBlur.swift in Sources */,
				AEAFFDFE2AF4EF3900E7B5D0 /* CustomTextField.swift in Sources */,
				AE50D6002AF8410F005E09B1 /* RedactedAndShimmerViewModifier.swift in Sources */,
				AEE2BB222AF638C400C29D4D /* String+ToDate.swift in Sources */,
				AEE2BB1C2AF6079700C29D4D /* RefreshTokenResponse.swift in Sources */,
				AE50D5F72AF83429005E09B1 /* SurveyListResponse.swift in Sources */,
				AE98692E2AF6D9C100C79CD3 /* SideNav.swift in Sources */,
				AEC5992C2AF47FA80099DDE9 /* ServiceAssembly.swift in Sources */,
				AEAFFDF82AF4D25600E7B5D0 /* Assets.swift in Sources */,
				AE9869252AF6C51300C79CD3 /* UserRepository.swift in Sources */,
				AEC5992A2AF47F720099DDE9 /* Injector.swift in Sources */,
				AE50D5F12AF81BBA005E09B1 /* HomeContentView.swift in Sources */,
				AE50D6022AF84456005E09B1 /* Shimmer.swift in Sources */,
				AEE2BB1A2AF606E100C29D4D /* RefreshTokenRequest.swift in Sources */,
				AE50D5F52AF83414005E09B1 /* SurveyApi.swift in Sources */,
				AEF700392AF45611003BDFCB /* ChallengeMobileApp.swift in Sources */,
				AEE2BB202AF6389900C29D4D /* Date+ToString.swift in Sources */,
				AE9080F92AF49118008EABC4 /* L10n.swift in Sources */,
				AEE8C0D92AF57F1C0093964C /* LoginUseCase.swift in Sources */,
				AEE8C0D32AF57D6E0093964C /* NetworkErrors.swift in Sources */,
				AE2CF3312AF4872B0095C63B /* Optional+Unwrap.swift in Sources */,
				AE60678D2AF6E73E009BF21F /* RepositoryAssambly.swift in Sources */,
				AEC599342AF480970099DDE9 /* LoginViewModel.swift in Sources */,
				AE50D6092AF865E7005E09B1 /* ForgotPasswordView.swift in Sources */,
				AE5592992AF55AC7005C4515 /* AccessToken.swift in Sources */,
				AEBE12552AF86D3700BB549D /* SurveyView.swift in Sources */,
			);
			runOnlyForDeploymentPostprocessing = 0;
		};
		AEF700412AF45615003BDFCB /* Sources */ = {
			isa = PBXSourcesBuildPhase;
			buildActionMask = 2147483647;
			files = (
				AEE8C0F02AF5B7AC0093964C /* AuthAPIServiceTests.swift in Sources */,
			);
			runOnlyForDeploymentPostprocessing = 0;
		};
		AEF7004B2AF45615003BDFCB /* Sources */ = {
			isa = PBXSourcesBuildPhase;
			buildActionMask = 2147483647;
			files = (
			);
			runOnlyForDeploymentPostprocessing = 0;
		};
/* End PBXSourcesBuildPhase section */

/* Begin PBXTargetDependency section */
		AEF700472AF45615003BDFCB /* PBXTargetDependency */ = {
			isa = PBXTargetDependency;
			target = AEF700342AF45611003BDFCB /* ChallengeMobileApp */;
			targetProxy = AEF700462AF45615003BDFCB /* PBXContainerItemProxy */;
		};
		AEF700512AF45615003BDFCB /* PBXTargetDependency */ = {
			isa = PBXTargetDependency;
			target = AEF700342AF45611003BDFCB /* ChallengeMobileApp */;
			targetProxy = AEF700502AF45615003BDFCB /* PBXContainerItemProxy */;
		};
/* End PBXTargetDependency section */

/* Begin PBXVariantGroup section */
		AE4CD61B2AF4ACEE001246BF /* Localizable.strings */ = {
			isa = PBXVariantGroup;
			children = (
				AE4CD61A2AF4ACEE001246BF /* en */,
			);
			name = Localizable.strings;
			sourceTree = "<group>";
		};
/* End PBXVariantGroup section */

/* Begin XCBuildConfiguration section */
		AEF700572AF45615003BDFCB /* Debug */ = {
			isa = XCBuildConfiguration;
			buildSettings = {
				ALWAYS_SEARCH_USER_PATHS = NO;
				CLANG_ANALYZER_NONNULL = YES;
				CLANG_ANALYZER_NUMBER_OBJECT_CONVERSION = YES_AGGRESSIVE;
				CLANG_CXX_LANGUAGE_STANDARD = "gnu++20";
				CLANG_ENABLE_MODULES = YES;
				CLANG_ENABLE_OBJC_ARC = YES;
				CLANG_ENABLE_OBJC_WEAK = YES;
				CLANG_WARN_BLOCK_CAPTURE_AUTORELEASING = YES;
				CLANG_WARN_BOOL_CONVERSION = YES;
				CLANG_WARN_COMMA = YES;
				CLANG_WARN_CONSTANT_CONVERSION = YES;
				CLANG_WARN_DEPRECATED_OBJC_IMPLEMENTATIONS = YES;
				CLANG_WARN_DIRECT_OBJC_ISA_USAGE = YES_ERROR;
				CLANG_WARN_DOCUMENTATION_COMMENTS = YES;
				CLANG_WARN_EMPTY_BODY = YES;
				CLANG_WARN_ENUM_CONVERSION = YES;
				CLANG_WARN_INFINITE_RECURSION = YES;
				CLANG_WARN_INT_CONVERSION = YES;
				CLANG_WARN_NON_LITERAL_NULL_CONVERSION = YES;
				CLANG_WARN_OBJC_IMPLICIT_RETAIN_SELF = YES;
				CLANG_WARN_OBJC_LITERAL_CONVERSION = YES;
				CLANG_WARN_OBJC_ROOT_CLASS = YES_ERROR;
				CLANG_WARN_QUOTED_INCLUDE_IN_FRAMEWORK_HEADER = YES;
				CLANG_WARN_RANGE_LOOP_ANALYSIS = YES;
				CLANG_WARN_STRICT_PROTOTYPES = YES;
				CLANG_WARN_SUSPICIOUS_MOVE = YES;
				CLANG_WARN_UNGUARDED_AVAILABILITY = YES_AGGRESSIVE;
				CLANG_WARN_UNREACHABLE_CODE = YES;
				CLANG_WARN__DUPLICATE_METHOD_MATCH = YES;
				COPY_PHASE_STRIP = NO;
				DEBUG_INFORMATION_FORMAT = dwarf;
				ENABLE_STRICT_OBJC_MSGSEND = YES;
				ENABLE_TESTABILITY = YES;
				GCC_C_LANGUAGE_STANDARD = gnu11;
				GCC_DYNAMIC_NO_PIC = NO;
				GCC_NO_COMMON_BLOCKS = YES;
				GCC_OPTIMIZATION_LEVEL = 0;
				GCC_PREPROCESSOR_DEFINITIONS = (
					"DEBUG=1",
					"$(inherited)",
				);
				GCC_WARN_64_TO_32_BIT_CONVERSION = YES;
				GCC_WARN_ABOUT_RETURN_TYPE = YES_ERROR;
				GCC_WARN_UNDECLARED_SELECTOR = YES;
				GCC_WARN_UNINITIALIZED_AUTOS = YES_AGGRESSIVE;
				GCC_WARN_UNUSED_FUNCTION = YES;
				GCC_WARN_UNUSED_VARIABLE = YES;
				IPHONEOS_DEPLOYMENT_TARGET = 16.1;
				MTL_ENABLE_DEBUG_INFO = INCLUDE_SOURCE;
				MTL_FAST_MATH = YES;
				ONLY_ACTIVE_ARCH = YES;
				SDKROOT = iphoneos;
				SWIFT_ACTIVE_COMPILATION_CONDITIONS = DEBUG;
				SWIFT_OPTIMIZATION_LEVEL = "-Onone";
			};
			name = Debug;
		};
		AEF700582AF45615003BDFCB /* Release */ = {
			isa = XCBuildConfiguration;
			buildSettings = {
				ALWAYS_SEARCH_USER_PATHS = NO;
				CLANG_ANALYZER_NONNULL = YES;
				CLANG_ANALYZER_NUMBER_OBJECT_CONVERSION = YES_AGGRESSIVE;
				CLANG_CXX_LANGUAGE_STANDARD = "gnu++20";
				CLANG_ENABLE_MODULES = YES;
				CLANG_ENABLE_OBJC_ARC = YES;
				CLANG_ENABLE_OBJC_WEAK = YES;
				CLANG_WARN_BLOCK_CAPTURE_AUTORELEASING = YES;
				CLANG_WARN_BOOL_CONVERSION = YES;
				CLANG_WARN_COMMA = YES;
				CLANG_WARN_CONSTANT_CONVERSION = YES;
				CLANG_WARN_DEPRECATED_OBJC_IMPLEMENTATIONS = YES;
				CLANG_WARN_DIRECT_OBJC_ISA_USAGE = YES_ERROR;
				CLANG_WARN_DOCUMENTATION_COMMENTS = YES;
				CLANG_WARN_EMPTY_BODY = YES;
				CLANG_WARN_ENUM_CONVERSION = YES;
				CLANG_WARN_INFINITE_RECURSION = YES;
				CLANG_WARN_INT_CONVERSION = YES;
				CLANG_WARN_NON_LITERAL_NULL_CONVERSION = YES;
				CLANG_WARN_OBJC_IMPLICIT_RETAIN_SELF = YES;
				CLANG_WARN_OBJC_LITERAL_CONVERSION = YES;
				CLANG_WARN_OBJC_ROOT_CLASS = YES_ERROR;
				CLANG_WARN_QUOTED_INCLUDE_IN_FRAMEWORK_HEADER = YES;
				CLANG_WARN_RANGE_LOOP_ANALYSIS = YES;
				CLANG_WARN_STRICT_PROTOTYPES = YES;
				CLANG_WARN_SUSPICIOUS_MOVE = YES;
				CLANG_WARN_UNGUARDED_AVAILABILITY = YES_AGGRESSIVE;
				CLANG_WARN_UNREACHABLE_CODE = YES;
				CLANG_WARN__DUPLICATE_METHOD_MATCH = YES;
				COPY_PHASE_STRIP = NO;
				DEBUG_INFORMATION_FORMAT = "dwarf-with-dsym";
				ENABLE_NS_ASSERTIONS = NO;
				ENABLE_STRICT_OBJC_MSGSEND = YES;
				GCC_C_LANGUAGE_STANDARD = gnu11;
				GCC_NO_COMMON_BLOCKS = YES;
				GCC_WARN_64_TO_32_BIT_CONVERSION = YES;
				GCC_WARN_ABOUT_RETURN_TYPE = YES_ERROR;
				GCC_WARN_UNDECLARED_SELECTOR = YES;
				GCC_WARN_UNINITIALIZED_AUTOS = YES_AGGRESSIVE;
				GCC_WARN_UNUSED_FUNCTION = YES;
				GCC_WARN_UNUSED_VARIABLE = YES;
				IPHONEOS_DEPLOYMENT_TARGET = 16.1;
				MTL_ENABLE_DEBUG_INFO = NO;
				MTL_FAST_MATH = YES;
				SDKROOT = iphoneos;
				SWIFT_COMPILATION_MODE = wholemodule;
				SWIFT_OPTIMIZATION_LEVEL = "-O";
				VALIDATE_PRODUCT = YES;
			};
			name = Release;
		};
		AEF7005A2AF45615003BDFCB /* Debug */ = {
			isa = XCBuildConfiguration;
			baseConfigurationReference = 3D1F9E27D264813A4CBE44B6 /* Pods-ChallengeMobileApp.debug.xcconfig */;
			buildSettings = {
				ASSETCATALOG_COMPILER_APPICON_NAME = AppIcon;
				ASSETCATALOG_COMPILER_GLOBAL_ACCENT_COLOR_NAME = AccentColor;
				CODE_SIGN_STYLE = Automatic;
				CURRENT_PROJECT_VERSION = 1;
				DEVELOPMENT_ASSET_PATHS = "\"ChallengeMobileApp/Preview Content\"";
				ENABLE_PREVIEWS = YES;
				GENERATE_INFOPLIST_FILE = YES;
				INFOPLIST_FILE = ChallengeMobileApp/Info.plist;
				INFOPLIST_KEY_UIApplicationSceneManifest_Generation = YES;
				INFOPLIST_KEY_UIApplicationSupportsIndirectInputEvents = YES;
				INFOPLIST_KEY_UILaunchScreen_Generation = YES;
				INFOPLIST_KEY_UISupportedInterfaceOrientations_iPad = "UIInterfaceOrientationPortrait UIInterfaceOrientationPortraitUpsideDown UIInterfaceOrientationLandscapeLeft UIInterfaceOrientationLandscapeRight";
				INFOPLIST_KEY_UISupportedInterfaceOrientations_iPhone = "UIInterfaceOrientationPortrait UIInterfaceOrientationLandscapeLeft UIInterfaceOrientationLandscapeRight";
				LD_RUNPATH_SEARCH_PATHS = (
					"$(inherited)",
					"@executable_path/Frameworks",
				);
				MARKETING_VERSION = 1.0;
				PRODUCT_BUNDLE_IDENTIFIER = nimble.ChallengeMobileApp;
				PRODUCT_NAME = "$(TARGET_NAME)";
				SWIFT_EMIT_LOC_STRINGS = YES;
				SWIFT_VERSION = 5.0;
				TARGETED_DEVICE_FAMILY = "1,2";
			};
			name = Debug;
		};
		AEF7005B2AF45615003BDFCB /* Release */ = {
			isa = XCBuildConfiguration;
			baseConfigurationReference = FA1A45ADF7EF899C65D0F2D5 /* Pods-ChallengeMobileApp.release.xcconfig */;
			buildSettings = {
				ASSETCATALOG_COMPILER_APPICON_NAME = AppIcon;
				ASSETCATALOG_COMPILER_GLOBAL_ACCENT_COLOR_NAME = AccentColor;
				CODE_SIGN_STYLE = Automatic;
				CURRENT_PROJECT_VERSION = 1;
				DEVELOPMENT_ASSET_PATHS = "\"ChallengeMobileApp/Preview Content\"";
				ENABLE_PREVIEWS = YES;
				GENERATE_INFOPLIST_FILE = YES;
				INFOPLIST_FILE = ChallengeMobileApp/Info.plist;
				INFOPLIST_KEY_UIApplicationSceneManifest_Generation = YES;
				INFOPLIST_KEY_UIApplicationSupportsIndirectInputEvents = YES;
				INFOPLIST_KEY_UILaunchScreen_Generation = YES;
				INFOPLIST_KEY_UISupportedInterfaceOrientations_iPad = "UIInterfaceOrientationPortrait UIInterfaceOrientationPortraitUpsideDown UIInterfaceOrientationLandscapeLeft UIInterfaceOrientationLandscapeRight";
				INFOPLIST_KEY_UISupportedInterfaceOrientations_iPhone = "UIInterfaceOrientationPortrait UIInterfaceOrientationLandscapeLeft UIInterfaceOrientationLandscapeRight";
				LD_RUNPATH_SEARCH_PATHS = (
					"$(inherited)",
					"@executable_path/Frameworks",
				);
				MARKETING_VERSION = 1.0;
				PRODUCT_BUNDLE_IDENTIFIER = nimble.ChallengeMobileApp;
				PRODUCT_NAME = "$(TARGET_NAME)";
				SWIFT_EMIT_LOC_STRINGS = YES;
				SWIFT_VERSION = 5.0;
				TARGETED_DEVICE_FAMILY = "1,2";
			};
			name = Release;
		};
		AEF7005D2AF45615003BDFCB /* Debug */ = {
			isa = XCBuildConfiguration;
			baseConfigurationReference = 6C128424013A735BC596BD25 /* Pods-ChallengeMobileAppTests.debug.xcconfig */;
			buildSettings = {
				ALWAYS_EMBED_SWIFT_STANDARD_LIBRARIES = YES;
				BUNDLE_LOADER = "$(TEST_HOST)";
				CODE_SIGN_STYLE = Automatic;
				CURRENT_PROJECT_VERSION = 1;
				GENERATE_INFOPLIST_FILE = YES;
				IPHONEOS_DEPLOYMENT_TARGET = 16.1;
				MARKETING_VERSION = 1.0;
				PRODUCT_BUNDLE_IDENTIFIER = nimble.ChallengeMobileAppTests;
				PRODUCT_NAME = "$(TARGET_NAME)";
				SWIFT_EMIT_LOC_STRINGS = NO;
				SWIFT_VERSION = 5.0;
				TARGETED_DEVICE_FAMILY = "1,2";
				TEST_HOST = "$(BUILT_PRODUCTS_DIR)/ChallengeMobileApp.app/$(BUNDLE_EXECUTABLE_FOLDER_PATH)/ChallengeMobileApp";
			};
			name = Debug;
		};
		AEF7005E2AF45615003BDFCB /* Release */ = {
			isa = XCBuildConfiguration;
			baseConfigurationReference = 4D72FB1B762C28ED2B06CAF5 /* Pods-ChallengeMobileAppTests.release.xcconfig */;
			buildSettings = {
				ALWAYS_EMBED_SWIFT_STANDARD_LIBRARIES = YES;
				BUNDLE_LOADER = "$(TEST_HOST)";
				CODE_SIGN_STYLE = Automatic;
				CURRENT_PROJECT_VERSION = 1;
				GENERATE_INFOPLIST_FILE = YES;
				IPHONEOS_DEPLOYMENT_TARGET = 16.1;
				MARKETING_VERSION = 1.0;
				PRODUCT_BUNDLE_IDENTIFIER = nimble.ChallengeMobileAppTests;
				PRODUCT_NAME = "$(TARGET_NAME)";
				SWIFT_EMIT_LOC_STRINGS = NO;
				SWIFT_VERSION = 5.0;
				TARGETED_DEVICE_FAMILY = "1,2";
				TEST_HOST = "$(BUILT_PRODUCTS_DIR)/ChallengeMobileApp.app/$(BUNDLE_EXECUTABLE_FOLDER_PATH)/ChallengeMobileApp";
			};
			name = Release;
		};
		AEF700602AF45616003BDFCB /* Debug */ = {
			isa = XCBuildConfiguration;
			buildSettings = {
				ALWAYS_EMBED_SWIFT_STANDARD_LIBRARIES = YES;
				CODE_SIGN_STYLE = Automatic;
				CURRENT_PROJECT_VERSION = 1;
				GENERATE_INFOPLIST_FILE = YES;
				MARKETING_VERSION = 1.0;
				PRODUCT_BUNDLE_IDENTIFIER = nimble.ChallengeMobileAppUITests;
				PRODUCT_NAME = "$(TARGET_NAME)";
				SWIFT_EMIT_LOC_STRINGS = NO;
				SWIFT_VERSION = 5.0;
				TARGETED_DEVICE_FAMILY = "1,2";
				TEST_TARGET_NAME = ChallengeMobileApp;
			};
			name = Debug;
		};
		AEF700612AF45616003BDFCB /* Release */ = {
			isa = XCBuildConfiguration;
			buildSettings = {
				ALWAYS_EMBED_SWIFT_STANDARD_LIBRARIES = YES;
				CODE_SIGN_STYLE = Automatic;
				CURRENT_PROJECT_VERSION = 1;
				GENERATE_INFOPLIST_FILE = YES;
				MARKETING_VERSION = 1.0;
				PRODUCT_BUNDLE_IDENTIFIER = nimble.ChallengeMobileAppUITests;
				PRODUCT_NAME = "$(TARGET_NAME)";
				SWIFT_EMIT_LOC_STRINGS = NO;
				SWIFT_VERSION = 5.0;
				TARGETED_DEVICE_FAMILY = "1,2";
				TEST_TARGET_NAME = ChallengeMobileApp;
			};
			name = Release;
		};
/* End XCBuildConfiguration section */

/* Begin XCConfigurationList section */
		AEF700302AF45611003BDFCB /* Build configuration list for PBXProject "ChallengeMobileApp" */ = {
			isa = XCConfigurationList;
			buildConfigurations = (
				AEF700572AF45615003BDFCB /* Debug */,
				AEF700582AF45615003BDFCB /* Release */,
			);
			defaultConfigurationIsVisible = 0;
			defaultConfigurationName = Release;
		};
		AEF700592AF45615003BDFCB /* Build configuration list for PBXNativeTarget "ChallengeMobileApp" */ = {
			isa = XCConfigurationList;
			buildConfigurations = (
				AEF7005A2AF45615003BDFCB /* Debug */,
				AEF7005B2AF45615003BDFCB /* Release */,
			);
			defaultConfigurationIsVisible = 0;
			defaultConfigurationName = Release;
		};
		AEF7005C2AF45615003BDFCB /* Build configuration list for PBXNativeTarget "ChallengeMobileAppTests" */ = {
			isa = XCConfigurationList;
			buildConfigurations = (
				AEF7005D2AF45615003BDFCB /* Debug */,
				AEF7005E2AF45615003BDFCB /* Release */,
			);
			defaultConfigurationIsVisible = 0;
			defaultConfigurationName = Release;
		};
		AEF7005F2AF45616003BDFCB /* Build configuration list for PBXNativeTarget "ChallengeMobileAppUITests" */ = {
			isa = XCConfigurationList;
			buildConfigurations = (
				AEF700602AF45616003BDFCB /* Debug */,
				AEF700612AF45616003BDFCB /* Release */,
			);
			defaultConfigurationIsVisible = 0;
			defaultConfigurationName = Release;
		};
/* End XCConfigurationList section */
	};
	rootObject = AEF7002D2AF45611003BDFCB /* Project object */;
}
